
Microsoft Visual Studio Solution File, Format Version 12.00
# Visual Studio 15
VisualStudioVersion = 15.0.27130.2010
MinimumVisualStudioVersion = 10.0.40219.1
Project("{FAE04EC0-301F-11D3-BF4B-00C04F79EFBC}") = "HelloWorld", "HelloWorld\HelloWorld.csproj", "{753BF883-E58E-403E-A71D-1B96D4CD60CA}"
EndProject
Global
	GlobalSection(SolutionConfigurationPlatforms) = preSolution
		Debug|Any CPU = Debug|Any CPU
		Release|Any CPU = Release|Any CPU
	EndGlobalSection
	GlobalSection(ProjectConfigurationPlatforms) = postSolution
		{753BF883-E58E-403E-A71D-1B96D4CD60CA}.Debug|Any CPU.ActiveCfg = Debug|Any CPU
		{753BF883-E58E-403E-A71D-1B96D4CD60CA}.Debug|Any CPU.Build.0 = Debug|Any CPU
		{753BF883-E58E-403E-A71D-1B96D4CD60CA}.Release|Any CPU.ActiveCfg = Release|Any CPU
		{753BF883-E58E-403E-A71D-1B96D4CD60CA}.Release|Any CPU.Build.0 = Release|Any CPU
	EndGlobalSection
	GlobalSection(SolutionProperties) = preSolution
		HideSolutionNode = FALSE
	EndGlobalSection
	GlobalSection(ExtensibilityGlobals) = postSolution
		SolutionGuid = {6531A47A-086F-4264-B4F3-9555D7389CF9}
	EndGlobalSection
EndGlobal
