
Microsoft Visual Studio Solution File, Format Version 12.00
# Visual Studio Version 16
VisualStudioVersion = 16.0.28803.156
MinimumVisualStudioVersion = 10.0.40219.1
Project("{FAE04EC0-301F-11D3-BF4B-00C04F79EFBC}") = "AnimalShelter", "AnimalShelter.csproj", "{5BD093E2-96C9-4B72-B04E-6F15754CDF7D}"
EndProject
Global
	GlobalSection(SolutionConfigurationPlatforms) = preSolution
		Debug|Any CPU = Debug|Any CPU
		Release|Any CPU = Release|Any CPU
	EndGlobalSection
	GlobalSection(ProjectConfigurationPlatforms) = postSolution
		{5BD093E2-96C9-4B72-B04E-6F15754CDF7D}.Debug|Any CPU.ActiveCfg = Debug|Any CPU
		{5BD093E2-96C9-4B72-B04E-6F15754CDF7D}.Debug|Any CPU.Build.0 = Debug|Any CPU
		{5BD093E2-96C9-4B72-B04E-6F15754CDF7D}.Release|Any CPU.ActiveCfg = Release|Any CPU
		{5BD093E2-96C9-4B72-B04E-6F15754CDF7D}.Release|Any CPU.Build.0 = Release|Any CPU
	EndGlobalSection
	GlobalSection(SolutionProperties) = preSolution
		HideSolutionNode = FALSE
	EndGlobalSection
	GlobalSection(ExtensibilityGlobals) = postSolution
		SolutionGuid = {67984A35-0DC4-4C0C-AA6F-8D597E1CFFE5}
	EndGlobalSection
EndGlobal
